
Microsoft Visual Studio Solution File, Format Version 12.00
# Visual Studio Version 17
VisualStudioVersion = 17.13.35913.81 d17.13
MinimumVisualStudioVersion = 10.0.40219.1
Project("{FAE04EC0-301F-11D3-BF4B-00C04F79EFBC}") = "35_Exeptis_Game", "35_Exeptis_Game\35_Exeptis_Game.csproj", "{25EC0634-AD31-4F97-B6E9-2280B1F541EE}"
EndProject
Global
	GlobalSection(SolutionConfigurationPlatforms) = preSolution
		Debug|Any CPU = Debug|Any CPU
		Release|Any CPU = Release|Any CPU
	EndGlobalSection
	GlobalSection(ProjectConfigurationPlatforms) = postSolution
		{25EC0634-AD31-4F97-B6E9-2280B1F541EE}.Debug|Any CPU.ActiveCfg = Debug|Any CPU
		{25EC0634-AD31-4F97-B6E9-2280B1F541EE}.Debug|Any CPU.Build.0 = Debug|Any CPU
		{25EC0634-AD31-4F97-B6E9-2280B1F541EE}.Release|Any CPU.ActiveCfg = Release|Any CPU
		{25EC0634-AD31-4F97-B6E9-2280B1F541EE}.Release|Any CPU.Build.0 = Release|Any CPU
	EndGlobalSection
	GlobalSection(SolutionProperties) = preSolution
		HideSolutionNode = FALSE
	EndGlobalSection
	GlobalSection(ExtensibilityGlobals) = postSolution
		SolutionGuid = {B69ECA98-EFC5-4BF9-A15B-6B34F04945D8}
	EndGlobalSection
EndGlobal
